<?xml version="1.0" encoding="utf-8"?>
<Project ToolsVersion="4.0" xmlns="http://schemas.microsoft.com/developer/msbuild/2003">
  <ItemGroup>
    <Filter Include="Archivos de código fuente">
      <UniqueIdentifier>{4FC737F1-C7A5-4376-A066-2A32D752A2FF}</UniqueIdentifier>
      <Extensions>cpp;c;cc;cxx;def;odl;idl;hpj;bat;asm;asmx</Extensions>
    </Filter>
    <Filter Include="Archivos de encabezado">
      <UniqueIdentifier>{93995380-89BD-4b04-88EB-625FBE52EBFB}</UniqueIdentifier>
      <Extensions>h;hh;hpp;hxx;hm;inl;inc;xsd</Extensions>
    </Filter>
    <Filter Include="Archivos de recursos">
      <UniqueIdentifier>{67DA6AB6-F800-4c08-8B7A-83BB121AAD01}</UniqueIdentifier>
      <Extensions>rc;ico;cur;bmp;dlg;rc2;rct;bin;rgs;gif;jpg;jpeg;jpe;resx;tiff;tif;png;wav;mfcribbon-ms</Extensions>
    </Filter>
    <Filter Include="Archivos de encabezado\States">
      <UniqueIdentifier>{84e07e19-a7bc-43d5-bc4f-86b59be06e27}</UniqueIdentifier>
    </Filter>
    <Filter Include="Archivos de código fuente\States">
      <UniqueIdentifier>{b0c0f293-d0a0-46e8-82e0-c197ce191424}</UniqueIdentifier>
    </Filter>
    <Filter Include="Archivos de encabezado\ResourceHolders">
      <UniqueIdentifier>{bdc0e74a-0686-4036-826c-5583a03307f7}</UniqueIdentifier>
    </Filter>
    <Filter Include="Archivos de encabezado\Utilities">
      <UniqueIdentifier>{39fe6a18-bd2d-45d9-895d-f8589108943f}</UniqueIdentifier>
    </Filter>
    <Filter Include="Archivos de código fuente\Utilities">
      <UniqueIdentifier>{3861fb82-f6b9-4dd6-b961-191e3a359b7c}</UniqueIdentifier>
    </Filter>
  </ItemGroup>
  <ItemGroup>
    <ClCompile Include="Main.cpp">
      <Filter>Archivos de código fuente</Filter>
    </ClCompile>
    <ClCompile Include="GameState.cpp">
      <Filter>Archivos de código fuente\States</Filter>
    </ClCompile>
    <ClCompile Include="MenuState.cpp">
      <Filter>Archivos de código fuente\States</Filter>
    </ClCompile>
    <ClCompile Include="PauseState.cpp">
      <Filter>Archivos de código fuente\States</Filter>
    </ClCompile>
    <ClCompile Include="StateStack.cpp">
      <Filter>Archivos de código fuente\States</Filter>
    </ClCompile>
    <ClCompile Include="State.cpp">
      <Filter>Archivos de código fuente\States</Filter>
    </ClCompile>
    <ClCompile Include="Utils.cpp">
      <Filter>Archivos de código fuente\Utilities</Filter>
    </ClCompile>
  </ItemGroup>
  <ItemGroup>
    <None Include="packages.config" />
    <None Include="ResourceHolder.inl">
      <Filter>Archivos de encabezado\ResourceHolders</Filter>
    </None>
  </ItemGroup>
  <ItemGroup>
    <ClInclude Include="State.hpp">
      <Filter>Archivos de encabezado\States</Filter>
    </ClInclude>
    <ClInclude Include="MenuState.hpp">
      <Filter>Archivos de encabezado\States</Filter>
    </ClInclude>
    <ClInclude Include="GameState.hpp">
      <Filter>Archivos de encabezado\States</Filter>
    </ClInclude>
    <ClInclude Include="PauseState.hpp">
      <Filter>Archivos de encabezado\States</Filter>
    </ClInclude>
    <ClInclude Include="StateStack.hpp">
      <Filter>Archivos de encabezado\States</Filter>
    </ClInclude>
    <ClInclude Include="ResourceHolder.hpp">
      <Filter>Archivos de encabezado\ResourceHolders</Filter>
    </ClInclude>
    <ClInclude Include="ResourceIdentifiers.hpp">
      <Filter>Archivos de encabezado\ResourceHolders</Filter>
    </ClInclude>
    <ClInclude Include="Game.hpp">
      <Filter>Archivos de encabezado</Filter>
    </ClInclude>
    <ClInclude Include="Utils.hpp">
      <Filter>Archivos de encabezado\Utilities</Filter>
    </ClInclude>
    <ClInclude Include="Rand.hpp">
      <Filter>Archivos de encabezado\Utilities</Filter>
    </ClInclude>
  </ItemGroup>
</Project>